<?xml version="1.0" encoding="utf-8"?>
<Project ToolsVersion="4.0" xmlns="http://schemas.microsoft.com/developer/msbuild/2003">
  <ItemGroup>
    <Filter Include="core">
      <UniqueIdentifier>{b546b635-1d05-44b7-a253-1814f9cf63e1}</UniqueIdentifier>
    </Filter>
    <Filter Include="core\include">
      <UniqueIdentifier>{93995380-89BD-4b04-88EB-625FBE52EBFB}</UniqueIdentifier>
      <Extensions>h;hh;hpp;hxx;h++;hm;inl;inc;ipp;xsd</Extensions>
    </Filter>
    <Filter Include="core\src">
      <UniqueIdentifier>{4FC737F1-C7A5-4376-A066-2A32D752A2FF}</UniqueIdentifier>
      <Extensions>cpp;c;cc;cxx;c++;cppm;ixx;def;odl;idl;hpj;bat;asm;asmx</Extensions>
    </Filter>
    <Filter Include="gui">
      <UniqueIdentifier>{d44b1de6-8ebc-4157-a280-637cdd3cb904}</UniqueIdentifier>
    </Filter>
    <Filter Include="gui\src">
      <UniqueIdentifier>{bee00baf-c995-44ea-b44f-611e4c3cefde}</UniqueIdentifier>
    </Filter>
  </ItemGroup>
  <ItemGroup>
    <ClCompile Include="database.cpp">
      <Filter>core\src</Filter>
    </ClCompile>
    <ClCompile Include="peanalyzer.cpp">
      <Filter>core\src</Filter>
    </ClCompile>
    <ClCompile Include="api.cpp">
      <Filter>core\src</Filter>
    </ClCompile>
    <ClCompile Include="functool.cpp">
      <Filter>core\src</Filter>
    </ClCompile>
    <ClCompile Include="shellextension.cpp">
      <Filter>core\src</Filter>
    </ClCompile>
    <ClCompile Include="siganalyzer.cpp">
      <Filter>core\src</Filter>
    </ClCompile>
    <ClCompile Include="winmain.cpp">
      <Filter>gui\src</Filter>
    </ClCompile>
    <ClCompile Include="window.cpp">
      <Filter>gui\src</Filter>
    </ClCompile>
    <ClCompile Include="wrapper.cpp">
      <Filter>gui\src</Filter>
    </ClCompile>
    <ClCompile Include="diagnostic_helpers.cpp">
      <Filter>core\src</Filter>
    </ClCompile>
  </ItemGroup>
  <ItemGroup>
    <ClInclude Include="peanalyzer.h">
      <Filter>core\include</Filter>
    </ClInclude>
    <ClInclude Include="shellextension.h">
      <Filter>core\include</Filter>
    </ClInclude>
    <ClInclude Include="siganalyzer.h">
      <Filter>core\include</Filter>
    </ClInclude>
    <ClInclude Include="database.h">
      <Filter>core\include</Filter>
    </ClInclude>
    <ClInclude Include="diagnostic_codes.h">
      <Filter>core\include</Filter>
    </ClInclude>
    <ClInclude Include="api.h">
      <Filter>core\include</Filter>
    </ClInclude>
    <ClInclude Include="resource.h">
      <Filter>core\include</Filter>
    </ClInclude>
  </ItemGroup>
  <ItemGroup>
    <None Include="README.md" />
  </ItemGroup>
  <ItemGroup>
    <Text Include="CMakeLists.txt" />
  </ItemGroup>
  <ItemGroup>
    <ResourceCompile Include="resource.rc" />
  </ItemGroup>
  <ItemGroup>
    <Image Include="icons\icon16x16.ico" />
    <Image Include="icons\icon32x32.ico" />
    <Image Include="icons\icon258x258.ico" />
  </ItemGroup>
</Project>