<?xml version="1.0" encoding="utf-8"?>
<Project ToolsVersion="4.0" xmlns="http://schemas.microsoft.com/developer/msbuild/2003">
  <ItemGroup>
    <Filter Include="core">
      <UniqueIdentifier>{b546b635-1d05-44b7-a253-1814f9cf63e1}</UniqueIdentifier>
    </Filter>
    <Filter Include="core\include">
      <UniqueIdentifier>{93995380-89BD-4b04-88EB-625FBE52EBFB}</UniqueIdentifier>
      <Extensions>h;hh;hpp;hxx;h++;hm;inl;inc;ipp;xsd</Extensions>
    </Filter>
    <Filter Include="gui">
      <UniqueIdentifier>{d44b1de6-8ebc-4157-a280-637cdd3cb904}</UniqueIdentifier>
    </Filter>
    <Filter Include="gui\src">
      <UniqueIdentifier>{bee00baf-c995-44ea-b44f-611e4c3cefde}</UniqueIdentifier>
    </Filter>
    <Filter Include="gui\include">
      <UniqueIdentifier>{1c357935-8ec2-49fa-9adf-e1d2cd43c442}</UniqueIdentifier>
    </Filter>
    <Filter Include="core\src">
      <UniqueIdentifier>{8cf592cf-d4cd-4dee-8d37-e3862062afc3}</UniqueIdentifier>
    </Filter>
    <Filter Include="images">
      <UniqueIdentifier>{5c7b199a-1024-450e-ad9d-c2aaeca51ca1}</UniqueIdentifier>
    </Filter>
  </ItemGroup>
  <ItemGroup>
    <ClCompile Include="core\core_src\api.cpp">
      <Filter>core\src</Filter>
    </ClCompile>
    <ClCompile Include="core\core_src\database.cpp">
      <Filter>core\src</Filter>
    </ClCompile>
    <ClCompile Include="core\core_src\diagnostic_helpers.cpp">
      <Filter>core\src</Filter>
    </ClCompile>
    <ClCompile Include="core\core_src\peanalyzer.cpp">
      <Filter>core\src</Filter>
    </ClCompile>
    <ClCompile Include="gui\gui_src\translator.cpp">
      <Filter>gui\src</Filter>
    </ClCompile>
    <ClCompile Include="gui\gui_src\winmain.cpp">
      <Filter>gui\src</Filter>
    </ClCompile>
    <ClCompile Include="gui\gui_src\utils.cpp">
      <Filter>gui\src</Filter>
    </ClCompile>
  </ItemGroup>
  <ItemGroup>
    <ClInclude Include="core\core_include\api.h">
      <Filter>core\include</Filter>
    </ClInclude>
    <ClInclude Include="core\core_include\database.h">
      <Filter>core\include</Filter>
    </ClInclude>
    <ClInclude Include="core\core_include\diagnostic_codes.h">
      <Filter>core\include</Filter>
    </ClInclude>
    <ClInclude Include="core\core_include\peanalyzer.h">
      <Filter>core\include</Filter>
    </ClInclude>
    <ClInclude Include="gui\gui_include\custom_message.h">
      <Filter>gui\include</Filter>
    </ClInclude>
    <ClInclude Include="gui\gui_include\translator.h">
      <Filter>gui\include</Filter>
    </ClInclude>
    <ClInclude Include="resource.h" />
    <ClInclude Include="gui\gui_include\utils.h">
      <Filter>gui\include</Filter>
    </ClInclude>
  </ItemGroup>
  <ItemGroup>
    <None Include="README.md" />
  </ItemGroup>
  <ItemGroup>
    <Text Include="CMakeLists.txt" />
  </ItemGroup>
  <ItemGroup>
    <Image Include="icons\myicon.ico" />
    <Image Include="images\cxyxsl.png">
      <Filter>images</Filter>
    </Image>
  </ItemGroup>
  <ItemGroup>
    <ResourceCompile Include="PE ParsingTool.rc" />
  </ItemGroup>
</Project>